{
  "originHash" : "ad092478d4c52763e51612a06b1252751e5bdb81d955bed2882197b70f717af9",
  "pins" : [
    {
      "identity" : "sqlite.swift",
      "kind" : "remoteSourceControl",
      "location" : "https://github.com/stephencelis/SQLite.swift.git",
      "state" : {
        "revision" : "964c300fb0736699ce945c9edb56ecd62eba27a3",
        "version" : "0.16.0"
      }
    }
  ],
  "version" : 3
}
