// !$*UTF8*$!
{
	archiveVersion = 1;
	classes = {
	};
	objectVersion = 77;
	objects = {

/* Begin PBXBuildFile section */
		06E571A185C739F2531527F1 /* SQLite in Frameworks */ = {isa = PBXBuildFile; productRef = E9E7D1B42F41082A64F0FF72 /* SQLite */; };
		1F6EE17698F80CEDE4F631A4 /* QueryView.swift in Sources */ = {isa = PBXBuildFile; fileRef = 48DFBD7F390FCED3E064990D /* QueryView.swift */; };
		20BB20521B31B68DF863896E /* WhisperBridge.swift in Sources */ = {isa = PBXBuildFile; fileRef = 949807174FF21AA47617F93D /* WhisperBridge.swift */; };
		2403E3C1F863E4DA81D672AB /* OmniPilotApp.swift in Sources */ = {isa = PBXBuildFile; fileRef = 7C120F68BF73BA573D97C915 /* OmniPilotApp.swift */; };
		519D3248FBEBAB29BF19C68C /* NotificationHelper.swift in Sources */ = {isa = PBXBuildFile; fileRef = E3E9C16972FF88D1D73C8D25 /* NotificationHelper.swift */; };
		6EE7283A5D813F6F934D4B8A /* SimpleVAD.swift in Sources */ = {isa = PBXBuildFile; fileRef = C12563222555C9D4A4CD732C /* SimpleVAD.swift */; };
		874A7CC288B3B80E8B10CA3B /* VoiceOutput.swift in Sources */ = {isa = PBXBuildFile; fileRef = F39350798F26C6EC237B4A08 /* VoiceOutput.swift */; };
		A700F0B54766D4068A5BDEA6 /* MemoryStore.swift in Sources */ = {isa = PBXBuildFile; fileRef = 38AD841C8A320855051BF3D9 /* MemoryStore.swift */; };
		AC58274483FCE2B023EBCC29 /* OllamaClient.swift in Sources */ = {isa = PBXBuildFile; fileRef = 983D81E370D6EA719B71CFDB /* OllamaClient.swift */; };
		F8834E5054E35F5815E782B3 /* AudioCapture.swift in Sources */ = {isa = PBXBuildFile; fileRef = FDE2A4E73655D3CDB04135EE /* AudioCapture.swift */; };
		FFAAD344761533CE2C6BC7DD /* Pipeline.swift in Sources */ = {isa = PBXBuildFile; fileRef = 17A08B803A499D941C6C76CE /* Pipeline.swift */; };
/* End PBXBuildFile section */

/* Begin PBXFileReference section */
		17A08B803A499D941C6C76CE /* Pipeline.swift */ = {isa = PBXFileReference; lastKnownFileType = sourcecode.swift; path = Pipeline.swift; sourceTree = "<group>"; };
		38AD841C8A320855051BF3D9 /* MemoryStore.swift */ = {isa = PBXFileReference; lastKnownFileType = sourcecode.swift; path = MemoryStore.swift; sourceTree = "<group>"; };
		48DFBD7F390FCED3E064990D /* QueryView.swift */ = {isa = PBXFileReference; lastKnownFileType = sourcecode.swift; path = QueryView.swift; sourceTree = "<group>"; };
		7C120F68BF73BA573D97C915 /* OmniPilotApp.swift */ = {isa = PBXFileReference; lastKnownFileType = sourcecode.swift; path = OmniPilotApp.swift; sourceTree = "<group>"; };
		81CF169A816849FE1132F52F /* OmniPilot.app */ = {isa = PBXFileReference; explicitFileType = wrapper.application; includeInIndex = 0; path = OmniPilot.app; sourceTree = BUILT_PRODUCTS_DIR; };
		949807174FF21AA47617F93D /* WhisperBridge.swift */ = {isa = PBXFileReference; lastKnownFileType = sourcecode.swift; path = WhisperBridge.swift; sourceTree = "<group>"; };
		983D81E370D6EA719B71CFDB /* OllamaClient.swift */ = {isa = PBXFileReference; lastKnownFileType = sourcecode.swift; path = OllamaClient.swift; sourceTree = "<group>"; };
		C12563222555C9D4A4CD732C /* SimpleVAD.swift */ = {isa = PBXFileReference; lastKnownFileType = sourcecode.swift; path = SimpleVAD.swift; sourceTree = "<group>"; };
		E3E9C16972FF88D1D73C8D25 /* NotificationHelper.swift */ = {isa = PBXFileReference; lastKnownFileType = sourcecode.swift; path = NotificationHelper.swift; sourceTree = "<group>"; };
		F39350798F26C6EC237B4A08 /* VoiceOutput.swift */ = {isa = PBXFileReference; lastKnownFileType = sourcecode.swift; path = VoiceOutput.swift; sourceTree = "<group>"; };
		FDE2A4E73655D3CDB04135EE /* AudioCapture.swift */ = {isa = PBXFileReference; lastKnownFileType = sourcecode.swift; path = AudioCapture.swift; sourceTree = "<group>"; };
/* End PBXFileReference section */

/* Begin PBXFrameworksBuildPhase section */
		4BEEBC74A56CEAD12EC1B5B4 /* Frameworks */ = {
			isa = PBXFrameworksBuildPhase;
			buildActionMask = 2147483647;
			files = (
				06E571A185C739F2531527F1 /* SQLite in Frameworks */,
			);
			runOnlyForDeploymentPostprocessing = 0;
		};
/* End PBXFrameworksBuildPhase section */

/* Begin PBXGroup section */
		044D7D1D92E9A9CFCC00496B = {
			isa = PBXGroup;
			children = (
				D8A5BEADBF71A7642E8A73F6 /* macos */,
				10DD2019634F9A32FCF3042C /* Products */,
			);
			sourceTree = "<group>";
		};
		10DD2019634F9A32FCF3042C /* Products */ = {
			isa = PBXGroup;
			children = (
				81CF169A816849FE1132F52F /* OmniPilot.app */,
			);
			name = Products;
			sourceTree = "<group>";
		};
		63D094C4EB649A5FC5F8EBC1 /* UI */ = {
			isa = PBXGroup;
			children = (
				48DFBD7F390FCED3E064990D /* QueryView.swift */,
			);
			path = UI;
			sourceTree = "<group>";
		};
		B0E33D01A64F56CD20990B98 /* LLM */ = {
			isa = PBXGroup;
			children = (
				983D81E370D6EA719B71CFDB /* OllamaClient.swift */,
			);
			path = LLM;
			sourceTree = "<group>";
		};
		B447FC560E479B88FA7E69B5 /* Memory */ = {
			isa = PBXGroup;
			children = (
				38AD841C8A320855051BF3D9 /* MemoryStore.swift */,
			);
			path = Memory;
			sourceTree = "<group>";
		};
		D8A5BEADBF71A7642E8A73F6 /* macos */ = {
			isa = PBXGroup;
			children = (
				EC90564B373CFB58574A86D1 /* OmniPilot */,
			);
			name = macos;
			path = ..;
			sourceTree = "<group>";
		};
		DAA3FB1D85E7D068803A2673 /* Sources */ = {
			isa = PBXGroup;
			children = (
				F9AA8DE6FDB72BF2CD901565 /* App */,
				F57839DE2BA501075D26C3B0 /* Audio */,
				B0E33D01A64F56CD20990B98 /* LLM */,
				B447FC560E479B88FA7E69B5 /* Memory */,
				63D094C4EB649A5FC5F8EBC1 /* UI */,
			);
			path = Sources;
			sourceTree = "<group>";
		};
		EC90564B373CFB58574A86D1 /* OmniPilot */ = {
			isa = PBXGroup;
			children = (
				DAA3FB1D85E7D068803A2673 /* Sources */,
			);
			path = OmniPilot;
			sourceTree = "<group>";
		};
		F57839DE2BA501075D26C3B0 /* Audio */ = {
			isa = PBXGroup;
			children = (
				FDE2A4E73655D3CDB04135EE /* AudioCapture.swift */,
				C12563222555C9D4A4CD732C /* SimpleVAD.swift */,
				949807174FF21AA47617F93D /* WhisperBridge.swift */,
			);
			path = Audio;
			sourceTree = "<group>";
		};
		F9AA8DE6FDB72BF2CD901565 /* App */ = {
			isa = PBXGroup;
			children = (
				E3E9C16972FF88D1D73C8D25 /* NotificationHelper.swift */,
				7C120F68BF73BA573D97C915 /* OmniPilotApp.swift */,
				17A08B803A499D941C6C76CE /* Pipeline.swift */,
				F39350798F26C6EC237B4A08 /* VoiceOutput.swift */,
			);
			path = App;
			sourceTree = "<group>";
		};
/* End PBXGroup section */

/* Begin PBXNativeTarget section */
		A2D4CA07A31CE4F51BA42376 /* OmniPilot */ = {
			isa = PBXNativeTarget;
			buildConfigurationList = BAA73E5AC09B005BB508FC78 /* Build configuration list for PBXNativeTarget "OmniPilot" */;
			buildPhases = (
				AB820942FC22E255479B372E /* Sources */,
				4BEEBC74A56CEAD12EC1B5B4 /* Frameworks */,
				F9D4249E5C3AA3455D35D330 /* Copy Whisper Model */,
			);
			buildRules = (
			);
			dependencies = (
			);
			name = OmniPilot;
			packageProductDependencies = (
				E9E7D1B42F41082A64F0FF72 /* SQLite */,
			);
			productName = OmniPilot;
			productReference = 81CF169A816849FE1132F52F /* OmniPilot.app */;
			productType = "com.apple.product-type.application";
		};
/* End PBXNativeTarget section */

/* Begin PBXProject section */
		D492BADB9031806024C12112 /* Project object */ = {
			isa = PBXProject;
			attributes = {
				BuildIndependentTargetsInParallel = YES;
				LastUpgradeCheck = 1630;
				TargetAttributes = {
				};
			};
			buildConfigurationList = 10AFFFD431499CAFD3E65DBD /* Build configuration list for PBXProject "OmniPilot" */;
			developmentRegion = en;
			hasScannedForEncodings = 0;
			knownRegions = (
				Base,
				en,
			);
			mainGroup = 044D7D1D92E9A9CFCC00496B;
			minimizedProjectReferenceProxies = 1;
			packageReferences = (
				DC93C5C3809A30ADD906EB58 /* XCRemoteSwiftPackageReference "SQLite.swift" */,
			);
			preferredProjectObjectVersion = 77;
			productRefGroup = 10DD2019634F9A32FCF3042C /* Products */;
			projectDirPath = "";
			projectRoot = "";
			targets = (
				A2D4CA07A31CE4F51BA42376 /* OmniPilot */,
			);
		};
/* End PBXProject section */

/* Begin PBXShellScriptBuildPhase section */
		F9D4249E5C3AA3455D35D330 /* Copy Whisper Model */ = {
			isa = PBXShellScriptBuildPhase;
			buildActionMask = 2147483647;
			files = (
			);
			inputFileListPaths = (
			);
			inputPaths = (
			);
			name = "Copy Whisper Model";
			outputFileListPaths = (
			);
			outputPaths = (
			);
			runOnlyForDeploymentPostprocessing = 0;
			shellPath = /bin/sh;
			shellScript = "MODEL_SRC=\"${SRCROOT}/../../../models/ggml-small.en.bin\"\nMODEL_DST=\"${BUILT_PRODUCTS_DIR}/${PRODUCT_NAME}.app/Contents/Resources\"\nmkdir -p \"$MODEL_DST\"\nif [ -f \"$MODEL_SRC\" ]; then\n  cp -n \"$MODEL_SRC\" \"$MODEL_DST/\" 2>/dev/null || true\n  echo \"Whisper model copied to app bundle\"\nelse\n  echo \"Warning: Whisper model not found at $MODEL_SRC\"\nfi\n";
		};
/* End PBXShellScriptBuildPhase section */

/* Begin PBXSourcesBuildPhase section */
		AB820942FC22E255479B372E /* Sources */ = {
			isa = PBXSourcesBuildPhase;
			buildActionMask = 2147483647;
			files = (
				F8834E5054E35F5815E782B3 /* AudioCapture.swift in Sources */,
				A700F0B54766D4068A5BDEA6 /* MemoryStore.swift in Sources */,
				519D3248FBEBAB29BF19C68C /* NotificationHelper.swift in Sources */,
				AC58274483FCE2B023EBCC29 /* OllamaClient.swift in Sources */,
				2403E3C1F863E4DA81D672AB /* OmniPilotApp.swift in Sources */,
				FFAAD344761533CE2C6BC7DD /* Pipeline.swift in Sources */,
				1F6EE17698F80CEDE4F631A4 /* QueryView.swift in Sources */,
				6EE7283A5D813F6F934D4B8A /* SimpleVAD.swift in Sources */,
				874A7CC288B3B80E8B10CA3B /* VoiceOutput.swift in Sources */,
				20BB20521B31B68DF863896E /* WhisperBridge.swift in Sources */,
			);
			runOnlyForDeploymentPostprocessing = 0;
		};
/* End PBXSourcesBuildPhase section */

/* Begin XCBuildConfiguration section */
		B0BF3D47518F2FB4171F48BA /* Release */ = {
			isa = XCBuildConfiguration;
			buildSettings = {
				ASSETCATALOG_COMPILER_APPICON_NAME = AppIcon;
				CODE_SIGN_ENTITLEMENTS = OmniPilot.entitlements;
				COMBINE_HIDPI_IMAGES = YES;
				ENABLE_HARDENED_RUNTIME = YES;
				INFOPLIST_FILE = Info.plist;
				LD_RUNPATH_SEARCH_PATHS = (
					"$(inherited)",
					"@executable_path/../Frameworks",
				);
				PRODUCT_NAME = OmniPilot;
				SDKROOT = macosx;
			};
			name = Release;
		};
		BD3990023C0D1B6AAFDE277D /* Debug */ = {
			isa = XCBuildConfiguration;
			buildSettings = {
				ASSETCATALOG_COMPILER_APPICON_NAME = AppIcon;
				CODE_SIGN_ENTITLEMENTS = OmniPilot.entitlements;
				COMBINE_HIDPI_IMAGES = YES;
				ENABLE_HARDENED_RUNTIME = YES;
				INFOPLIST_FILE = Info.plist;
				LD_RUNPATH_SEARCH_PATHS = (
					"$(inherited)",
					"@executable_path/../Frameworks",
				);
				PRODUCT_NAME = OmniPilot;
				SDKROOT = macosx;
			};
			name = Debug;
		};
		D9630565AC29FE91400B75FF /* Release */ = {
			isa = XCBuildConfiguration;
			buildSettings = {
				ALWAYS_SEARCH_USER_PATHS = NO;
				CLANG_ANALYZER_NONNULL = YES;
				CLANG_ANALYZER_NUMBER_OBJECT_CONVERSION = YES_AGGRESSIVE;
				CLANG_CXX_LANGUAGE_STANDARD = "gnu++14";
				CLANG_CXX_LIBRARY = "libc++";
				CLANG_ENABLE_MODULES = YES;
				CLANG_ENABLE_OBJC_ARC = YES;
				CLANG_ENABLE_OBJC_WEAK = YES;
				CLANG_WARN_BLOCK_CAPTURE_AUTORELEASING = YES;
				CLANG_WARN_BOOL_CONVERSION = YES;
				CLANG_WARN_COMMA = YES;
				CLANG_WARN_CONSTANT_CONVERSION = YES;
				CLANG_WARN_DEPRECATED_OBJC_IMPLEMENTATIONS = YES;
				CLANG_WARN_DIRECT_OBJC_ISA_USAGE = YES_ERROR;
				CLANG_WARN_DOCUMENTATION_COMMENTS = YES;
				CLANG_WARN_EMPTY_BODY = YES;
				CLANG_WARN_ENUM_CONVERSION = YES;
				CLANG_WARN_INFINITE_RECURSION = YES;
				CLANG_WARN_INT_CONVERSION = YES;
				CLANG_WARN_NON_LITERAL_NULL_CONVERSION = YES;
				CLANG_WARN_OBJC_IMPLICIT_RETAIN_SELF = YES;
				CLANG_WARN_OBJC_LITERAL_CONVERSION = YES;
				CLANG_WARN_OBJC_ROOT_CLASS = YES_ERROR;
				CLANG_WARN_QUOTED_INCLUDE_IN_FRAMEWORK_HEADER = YES;
				CLANG_WARN_RANGE_LOOP_ANALYSIS = YES;
				CLANG_WARN_STRICT_PROTOTYPES = YES;
				CLANG_WARN_SUSPICIOUS_MOVE = YES;
				CLANG_WARN_UNGUARDED_AVAILABILITY = YES_AGGRESSIVE;
				CLANG_WARN_UNREACHABLE_CODE = YES;
				CLANG_WARN__DUPLICATE_METHOD_MATCH = YES;
				COPY_PHASE_STRIP = NO;
				CURRENT_PROJECT_VERSION = 1;
				DEBUG_INFORMATION_FORMAT = "dwarf-with-dsym";
				ENABLE_NS_ASSERTIONS = NO;
				ENABLE_STRICT_OBJC_MSGSEND = YES;
				GCC_C_LANGUAGE_STANDARD = gnu11;
				GCC_NO_COMMON_BLOCKS = YES;
				GCC_WARN_64_TO_32_BIT_CONVERSION = YES;
				GCC_WARN_ABOUT_RETURN_TYPE = YES_ERROR;
				GCC_WARN_UNDECLARED_SELECTOR = YES;
				GCC_WARN_UNINITIALIZED_AUTOS = YES_AGGRESSIVE;
				GCC_WARN_UNUSED_FUNCTION = YES;
				GCC_WARN_UNUSED_VARIABLE = YES;
				MACOSX_DEPLOYMENT_TARGET = 14.0;
				MARKETING_VERSION = 0.1.0;
				MTL_ENABLE_DEBUG_INFO = NO;
				MTL_FAST_MATH = YES;
				PRODUCT_BUNDLE_IDENTIFIER = in.sidewall.omnipilot;
				PRODUCT_NAME = "$(TARGET_NAME)";
				SDKROOT = macosx;
				SWIFT_COMPILATION_MODE = wholemodule;
				SWIFT_OPTIMIZATION_LEVEL = "-O";
				SWIFT_VERSION = 6.0;
			};
			name = Release;
		};
		FCB5A7449D1C5A5A951C97E8 /* Debug */ = {
			isa = XCBuildConfiguration;
			buildSettings = {
				ALWAYS_SEARCH_USER_PATHS = NO;
				CLANG_ANALYZER_NONNULL = YES;
				CLANG_ANALYZER_NUMBER_OBJECT_CONVERSION = YES_AGGRESSIVE;
				CLANG_CXX_LANGUAGE_STANDARD = "gnu++14";
				CLANG_CXX_LIBRARY = "libc++";
				CLANG_ENABLE_MODULES = YES;
				CLANG_ENABLE_OBJC_ARC = YES;
				CLANG_ENABLE_OBJC_WEAK = YES;
				CLANG_WARN_BLOCK_CAPTURE_AUTORELEASING = YES;
				CLANG_WARN_BOOL_CONVERSION = YES;
				CLANG_WARN_COMMA = YES;
				CLANG_WARN_CONSTANT_CONVERSION = YES;
				CLANG_WARN_DEPRECATED_OBJC_IMPLEMENTATIONS = YES;
				CLANG_WARN_DIRECT_OBJC_ISA_USAGE = YES_ERROR;
				CLANG_WARN_DOCUMENTATION_COMMENTS = YES;
				CLANG_WARN_EMPTY_BODY = YES;
				CLANG_WARN_ENUM_CONVERSION = YES;
				CLANG_WARN_INFINITE_RECURSION = YES;
				CLANG_WARN_INT_CONVERSION = YES;
				CLANG_WARN_NON_LITERAL_NULL_CONVERSION = YES;
				CLANG_WARN_OBJC_IMPLICIT_RETAIN_SELF = YES;
				CLANG_WARN_OBJC_LITERAL_CONVERSION = YES;
				CLANG_WARN_OBJC_ROOT_CLASS = YES_ERROR;
				CLANG_WARN_QUOTED_INCLUDE_IN_FRAMEWORK_HEADER = YES;
				CLANG_WARN_RANGE_LOOP_ANALYSIS = YES;
				CLANG_WARN_STRICT_PROTOTYPES = YES;
				CLANG_WARN_SUSPICIOUS_MOVE = YES;
				CLANG_WARN_UNGUARDED_AVAILABILITY = YES_AGGRESSIVE;
				CLANG_WARN_UNREACHABLE_CODE = YES;
				CLANG_WARN__DUPLICATE_METHOD_MATCH = YES;
				COPY_PHASE_STRIP = NO;
				CURRENT_PROJECT_VERSION = 1;
				DEBUG_INFORMATION_FORMAT = dwarf;
				ENABLE_STRICT_OBJC_MSGSEND = YES;
				ENABLE_TESTABILITY = YES;
				GCC_C_LANGUAGE_STANDARD = gnu11;
				GCC_DYNAMIC_NO_PIC = NO;
				GCC_NO_COMMON_BLOCKS = YES;
				GCC_OPTIMIZATION_LEVEL = 0;
				GCC_PREPROCESSOR_DEFINITIONS = (
					"$(inherited)",
					"DEBUG=1",
				);
				GCC_WARN_64_TO_32_BIT_CONVERSION = YES;
				GCC_WARN_ABOUT_RETURN_TYPE = YES_ERROR;
				GCC_WARN_UNDECLARED_SELECTOR = YES;
				GCC_WARN_UNINITIALIZED_AUTOS = YES_AGGRESSIVE;
				GCC_WARN_UNUSED_FUNCTION = YES;
				GCC_WARN_UNUSED_VARIABLE = YES;
				MACOSX_DEPLOYMENT_TARGET = 14.0;
				MARKETING_VERSION = 0.1.0;
				MTL_ENABLE_DEBUG_INFO = INCLUDE_SOURCE;
				MTL_FAST_MATH = YES;
				ONLY_ACTIVE_ARCH = YES;
				PRODUCT_BUNDLE_IDENTIFIER = in.sidewall.omnipilot;
				PRODUCT_NAME = "$(TARGET_NAME)";
				SDKROOT = macosx;
				SWIFT_ACTIVE_COMPILATION_CONDITIONS = DEBUG;
				SWIFT_OPTIMIZATION_LEVEL = "-Onone";
				SWIFT_VERSION = 6.0;
			};
			name = Debug;
		};
/* End XCBuildConfiguration section */

/* Begin XCConfigurationList section */
		10AFFFD431499CAFD3E65DBD /* Build configuration list for PBXProject "OmniPilot" */ = {
			isa = XCConfigurationList;
			buildConfigurations = (
				FCB5A7449D1C5A5A951C97E8 /* Debug */,
				D9630565AC29FE91400B75FF /* Release */,
			);
			defaultConfigurationIsVisible = 0;
			defaultConfigurationName = Debug;
		};
		BAA73E5AC09B005BB508FC78 /* Build configuration list for PBXNativeTarget "OmniPilot" */ = {
			isa = XCConfigurationList;
			buildConfigurations = (
				BD3990023C0D1B6AAFDE277D /* Debug */,
				B0BF3D47518F2FB4171F48BA /* Release */,
			);
			defaultConfigurationIsVisible = 0;
			defaultConfigurationName = Debug;
		};
/* End XCConfigurationList section */

/* Begin XCRemoteSwiftPackageReference section */
		DC93C5C3809A30ADD906EB58 /* XCRemoteSwiftPackageReference "SQLite.swift" */ = {
			isa = XCRemoteSwiftPackageReference;
			repositoryURL = "https://github.com/stephencelis/SQLite.swift.git";
			requirement = {
				kind = upToNextMajorVersion;
				minimumVersion = 0.15.3;
			};
		};
/* End XCRemoteSwiftPackageReference section */

/* Begin XCSwiftPackageProductDependency section */
		E9E7D1B42F41082A64F0FF72 /* SQLite */ = {
			isa = XCSwiftPackageProductDependency;
			package = DC93C5C3809A30ADD906EB58 /* XCRemoteSwiftPackageReference "SQLite.swift" */;
			productName = SQLite;
		};
/* End XCSwiftPackageProductDependency section */
	};
	rootObject = D492BADB9031806024C12112 /* Project object */;
}
